<?xml version="1.0" encoding="utf-8"?>
<Project ToolsVersion="4.0" xmlns="http://schemas.microsoft.com/developer/msbuild/2003">
  <ItemGroup>
    <Filter Include="FrameWork">
      <UniqueIdentifier>{429d7c1a-224f-4319-b862-1f2168f32e9f}</UniqueIdentifier>
    </Filter>
    <Filter Include="Game">
      <UniqueIdentifier>{a6cb3830-c6cd-4998-a710-cf7674e6d301}</UniqueIdentifier>
    </Filter>
    <Filter Include="FrameWork\Collision">
      <UniqueIdentifier>{907bb425-68b7-4d68-9773-ac76aaf75333}</UniqueIdentifier>
    </Filter>
    <Filter Include="FrameWork\Graphics">
      <UniqueIdentifier>{0e741da3-38ae-4f36-bd06-73ae6c0ac990}</UniqueIdentifier>
    </Filter>
    <Filter Include="FrameWork\Input">
      <UniqueIdentifier>{9dcc4b89-c6f9-490d-af0b-9d1617b8b2f4}</UniqueIdentifier>
    </Filter>
    <Filter Include="FrameWork\Pattern">
      <UniqueIdentifier>{ec86c249-5708-4dc6-8009-b444d0663b3e}</UniqueIdentifier>
    </Filter>
    <Filter Include="FrameWork\Time">
      <UniqueIdentifier>{42ef7aed-3e51-43a9-8789-bfe71f5bfedd}</UniqueIdentifier>
    </Filter>
    <Filter Include="FrameWork\Video">
      <UniqueIdentifier>{5ba6953d-a8d3-43af-a6de-bd9f4add7a1b}</UniqueIdentifier>
    </Filter>
    <Filter Include="Game\Character">
      <UniqueIdentifier>{ca38521a-8737-4a48-b92f-010cb086c62d}</UniqueIdentifier>
    </Filter>
    <Filter Include="Game\Enemy">
      <UniqueIdentifier>{809b0295-32fd-4e5d-ba0f-6768b55f8e62}</UniqueIdentifier>
    </Filter>
    <Filter Include="Game\Map">
      <UniqueIdentifier>{b5705059-6447-475e-a98e-8443500e5508}</UniqueIdentifier>
    </Filter>
    <Filter Include="FrameWork\GlobalVariable">
      <UniqueIdentifier>{a7b561af-e7f3-49f0-aaec-9c4cb6fb8628}</UniqueIdentifier>
    </Filter>
    <Filter Include="FrameWork\Object">
      <UniqueIdentifier>{122515e9-96ef-4fe1-be74-4b4adbf20550}</UniqueIdentifier>
    </Filter>
  </ItemGroup>
  <ItemGroup>
    <ClCompile Include="FrameWork\Collision.cpp">
      <Filter>FrameWork\Collision</Filter>
    </ClCompile>
    <ClCompile Include="FrameWork\DynamicObject.cpp">
      <Filter>FrameWork\Object</Filter>
    </ClCompile>
    <ClCompile Include="FrameWork\Object.cpp">
      <Filter>FrameWork\Object</Filter>
    </ClCompile>
    <ClCompile Include="FrameWork\StaticObject.cpp">
      <Filter>FrameWork\Object</Filter>
    </ClCompile>
    <ClCompile Include="FrameWork\Global.cpp">
      <Filter>FrameWork\GlobalVariable</Filter>
    </ClCompile>
    <ClCompile Include="FrameWork\Graphics.cpp">
      <Filter>FrameWork\Graphics</Filter>
    </ClCompile>
    <ClCompile Include="FrameWork\Windows.cpp">
      <Filter>FrameWork\Graphics</Filter>
    </ClCompile>
    <ClCompile Include="FrameWork\Input.cpp">
      <Filter>FrameWork\Input</Filter>
    </ClCompile>
    <ClCompile Include="FrameWork\Timer.cpp">
      <Filter>FrameWork\Time</Filter>
    </ClCompile>
    <ClCompile Include="FrameWork\Action.cpp">
      <Filter>FrameWork\Video</Filter>
    </ClCompile>
    <ClCompile Include="FrameWork\Animation.cpp">
      <Filter>FrameWork\Video</Filter>
    </ClCompile>
    <ClCompile Include="FrameWork\Camera.cpp">
      <Filter>FrameWork\Video</Filter>
    </ClCompile>
    <ClCompile Include="FrameWork\Sprite.cpp">
      <Filter>FrameWork\Video</Filter>
    </ClCompile>
    <ClCompile Include="FrameWork\Texture.cpp">
      <Filter>FrameWork\Video</Filter>
    </ClCompile>
    <ClCompile Include="Game\MorningStar.cpp">
      <Filter>Game\Character</Filter>
    </ClCompile>
    <ClCompile Include="Game\Simon.cpp">
      <Filter>Game\Character</Filter>
    </ClCompile>
    <ClCompile Include="Game\DeadEnemyEffect.cpp">
      <Filter>Game\Enemy</Filter>
    </ClCompile>
    <ClCompile Include="Game\Ghost.cpp">
      <Filter>Game\Enemy</Filter>
    </ClCompile>
    <ClCompile Include="Game\TileMap.cpp">
      <Filter>Game\Map</Filter>
    </ClCompile>
    <ClCompile Include="Game\Game.cpp">
      <Filter>Game</Filter>
    </ClCompile>
    <ClCompile Include="Game\Main.cpp">
      <Filter>Game</Filter>
    </ClCompile>
  </ItemGroup>
  <ItemGroup>
    <ClInclude Include="FrameWork\Collision.h">
      <Filter>FrameWork\Collision</Filter>
    </ClInclude>
    <ClInclude Include="FrameWork\DynamicObject.h">
      <Filter>FrameWork\Object</Filter>
    </ClInclude>
    <ClInclude Include="FrameWork\Object.h">
      <Filter>FrameWork\Object</Filter>
    </ClInclude>
    <ClInclude Include="FrameWork\StaticObject.h">
      <Filter>FrameWork\Object</Filter>
    </ClInclude>
    <ClInclude Include="FrameWork\Define.h">
      <Filter>FrameWork\GlobalVariable</Filter>
    </ClInclude>
    <ClInclude Include="FrameWork\Global.h">
      <Filter>FrameWork\GlobalVariable</Filter>
    </ClInclude>
    <ClInclude Include="FrameWork\Graphics.h">
      <Filter>FrameWork\Graphics</Filter>
    </ClInclude>
    <ClInclude Include="FrameWork\Window.h">
      <Filter>FrameWork\Graphics</Filter>
    </ClInclude>
    <ClInclude Include="FrameWork\Input.h">
      <Filter>FrameWork\Input</Filter>
    </ClInclude>
    <ClInclude Include="FrameWork\ReferenceCounting.h">
      <Filter>FrameWork\Pattern</Filter>
    </ClInclude>
    <ClInclude Include="FrameWork\Singleton.h">
      <Filter>FrameWork\Pattern</Filter>
    </ClInclude>
    <ClInclude Include="FrameWork\Timer.h">
      <Filter>FrameWork\Time</Filter>
    </ClInclude>
    <ClInclude Include="FrameWork\Action.h">
      <Filter>FrameWork\Video</Filter>
    </ClInclude>
    <ClInclude Include="FrameWork\Animation.h">
      <Filter>FrameWork\Video</Filter>
    </ClInclude>
    <ClInclude Include="FrameWork\Camera.h">
      <Filter>FrameWork\Video</Filter>
    </ClInclude>
    <ClInclude Include="FrameWork\Sprite.h">
      <Filter>FrameWork\Video</Filter>
    </ClInclude>
    <ClInclude Include="FrameWork\Texture.h">
      <Filter>FrameWork\Video</Filter>
    </ClInclude>
    <ClInclude Include="Game\MorningStar.h">
      <Filter>Game\Character</Filter>
    </ClInclude>
    <ClInclude Include="Game\Simon.h">
      <Filter>Game\Character</Filter>
    </ClInclude>
    <ClInclude Include="Game\DeadEnemyEffect.h">
      <Filter>Game\Enemy</Filter>
    </ClInclude>
    <ClInclude Include="Game\Ghost.h">
      <Filter>Game\Enemy</Filter>
    </ClInclude>
    <ClInclude Include="Game\TileMap.h">
      <Filter>Game\Map</Filter>
    </ClInclude>
    <ClInclude Include="Game\Game.h">
      <Filter>Game</Filter>
    </ClInclude>
  </ItemGroup>
</Project>